
Microsoft Visual Studio Solution File, Format Version 12.00
# Visual Studio Version 17
VisualStudioVersion = 17.5.33516.290
MinimumVisualStudioVersion = 10.0.40219.1
Project("{9A19103F-16F7-4668-BE54-9A1E7A4F7556}") = "Planer_zakupowy.Backend.Api", "Backend\Planer_zakupowy.Backend.Api\Planer_zakupowy.Backend.Api.csproj", "{BDC2F8F6-CD82-4AF6-A3BD-F04E85C8D4D0}"
EndProject
Project("{9A19103F-16F7-4668-BE54-9A1E7A4F7556}") = "Planer_zakupowy.Backend.DataAccess", "Backend\Planer_zakupowy.Backend.DataAccess\Planer_zakupowy.Backend.DataAccess.csproj", "{4CD42B33-A68F-463B-A63E-79189DF8F136}"
EndProject
Project("{9A19103F-16F7-4668-BE54-9A1E7A4F7556}") = "Planer_zakupowy.Backend.Domain", "Backend\Planer_zakupowy.Backend.Domain\Planer_zakupowy.Backend.Domain.csproj", "{BC0C9386-34AE-4AF1-AEA0-AF2C97891C96}"
EndProject
Project("{FAE04EC0-301F-11D3-BF4B-00C04F79EFBC}") = "Planer_zakupowy.Backend.Application", "Backend\Planer_zakupowy.Backend.Application\Planer_zakupowy.Backend.Application.csproj", "{11BCC6F5-4BD2-4891-8A92-095F3BCED8DF}"
EndProject
Global
	GlobalSection(SolutionConfigurationPlatforms) = preSolution
		Debug|Any CPU = Debug|Any CPU
		Release|Any CPU = Release|Any CPU
	EndGlobalSection
	GlobalSection(ProjectConfigurationPlatforms) = postSolution
		{BDC2F8F6-CD82-4AF6-A3BD-F04E85C8D4D0}.Debug|Any CPU.ActiveCfg = Debug|Any CPU
		{BDC2F8F6-CD82-4AF6-A3BD-F04E85C8D4D0}.Debug|Any CPU.Build.0 = Debug|Any CPU
		{BDC2F8F6-CD82-4AF6-A3BD-F04E85C8D4D0}.Release|Any CPU.ActiveCfg = Release|Any CPU
		{BDC2F8F6-CD82-4AF6-A3BD-F04E85C8D4D0}.Release|Any CPU.Build.0 = Release|Any CPU
		{4CD42B33-A68F-463B-A63E-79189DF8F136}.Debug|Any CPU.ActiveCfg = Debug|Any CPU
		{4CD42B33-A68F-463B-A63E-79189DF8F136}.Debug|Any CPU.Build.0 = Debug|Any CPU
		{4CD42B33-A68F-463B-A63E-79189DF8F136}.Release|Any CPU.ActiveCfg = Release|Any CPU
		{4CD42B33-A68F-463B-A63E-79189DF8F136}.Release|Any CPU.Build.0 = Release|Any CPU
		{BC0C9386-34AE-4AF1-AEA0-AF2C97891C96}.Debug|Any CPU.ActiveCfg = Debug|Any CPU
		{BC0C9386-34AE-4AF1-AEA0-AF2C97891C96}.Debug|Any CPU.Build.0 = Debug|Any CPU
		{BC0C9386-34AE-4AF1-AEA0-AF2C97891C96}.Release|Any CPU.ActiveCfg = Release|Any CPU
		{BC0C9386-34AE-4AF1-AEA0-AF2C97891C96}.Release|Any CPU.Build.0 = Release|Any CPU
		{11BCC6F5-4BD2-4891-8A92-095F3BCED8DF}.Debug|Any CPU.ActiveCfg = Debug|Any CPU
		{11BCC6F5-4BD2-4891-8A92-095F3BCED8DF}.Debug|Any CPU.Build.0 = Debug|Any CPU
		{11BCC6F5-4BD2-4891-8A92-095F3BCED8DF}.Release|Any CPU.ActiveCfg = Release|Any CPU
		{11BCC6F5-4BD2-4891-8A92-095F3BCED8DF}.Release|Any CPU.Build.0 = Release|Any CPU
	EndGlobalSection
	GlobalSection(SolutionProperties) = preSolution
		HideSolutionNode = FALSE
	EndGlobalSection
	GlobalSection(ExtensibilityGlobals) = postSolution
		SolutionGuid = {D89E3F0F-B282-4653-9A16-79FF9AA5AD2A}
	EndGlobalSection
EndGlobal
